{
  "name": "Portfolio",
  "lockfileVersion": 3,
  "requires": true,
  "packages": {
    "": {
      "dependencies": {
        "immer": "^11.0.1",
        "zustand": "^5.0.9"
      }
    },
    "node_modules/immer": {
      "version": "11.0.1",
      "resolved": "https://registry.npmjs.org/immer/-/immer-11.0.1.tgz",
      "integrity": "sha512-naDCyggtcBWANtIrjQEajhhBEuL9b0Zg4zmlWK2CzS6xCWSE39/vvf4LqnMjUAWHBhot4m9MHCM/Z+mfWhUkiA==",
      "license": "MIT",
      "funding": {
        "type": "opencollective",
        "url": "https://opencollective.com/immer"
      }
    },
    "node_modules/zustand": {
      "version": "5.0.9",
      "resolved": "https://registry.npmjs.org/zustand/-/zustand-5.0.9.tgz",
      "integrity": "sha512-ALBtUj0AfjJt3uNRQoL1tL2tMvj6Gp/6e39dnfT6uzpelGru8v1tPOGBzayOWbPJvujM8JojDk3E1LxeFisBNg==",
      "license": "MIT",
      "engines": {
        "node": ">=12.20.0"
      },
      "peerDependencies": {
        "@types/react": ">=18.0.0",
        "immer": ">=9.0.6",
        "react": ">=18.0.0",
        "use-sync-external-store": ">=1.2.0"
      },
      "peerDependenciesMeta": {
        "@types/react": {
          "optional": true
        },
        "immer": {
          "optional": true
        },
        "react": {
          "optional": true
        },
        "use-sync-external-store": {
          "optional": true
        }
      }
    }
  }
}
